// !$*UTF8*$!
{
	archiveVersion = 1;
	classes = {
	};
	objectVersion = 46;
	objects = {

/* Begin PBXFileReference section */
		F51FCC731B153E8F00C182B0 /* QuartzCore */ = {isa = PBXFileReference; lastKnownFileType = folder; path = QuartzCore; sourceTree = "<group>"; };
		F564A66619D0BF390069E9BB /* README.md */ = {isa = PBXFileReference; lastKnownFileType = text; path = README.md; sourceTree = "<group>"; };
		F564A66A19D0BF390069E9BB /* UIKit */ = {isa = PBXFileReference; lastKnownFileType = folder; path = UIKit; sourceTree = "<group>"; };
		F5B716D81A82A6AF00DA002A /* c-tools */ = {isa = PBXFileReference; lastKnownFileType = folder; path = "c-tools"; sourceTree = "<group>"; };
		F5B716D91A82A6AF00DA002A /* Foundation */ = {isa = PBXFileReference; lastKnownFileType = folder; path = Foundation; sourceTree = "<group>"; };
		F5B716DA1A82A85800DA002A /* CoreGraphics */ = {isa = PBXFileReference; lastKnownFileType = folder; path = CoreGraphics; sourceTree = "<group>"; };
		F5F835BA1A7F351000C52FC7 /* CoreFoundation */ = {isa = PBXFileReference; lastKnownFileType = folder; path = CoreFoundation; sourceTree = "<group>"; };
/* End PBXFileReference section */

/* Begin PBXGroup section */
		F564A65D19D0BF060069E9BB = {
			isa = PBXGroup;
			children = (
				F51FCC731B153E8F00C182B0 /* QuartzCore */,
				F5B716D81A82A6AF00DA002A /* c-tools */,
				F5F835BA1A7F351000C52FC7 /* CoreFoundation */,
				F5B716DA1A82A85800DA002A /* CoreGraphics */,
				F5B716D91A82A6AF00DA002A /* Foundation */,
				F564A66619D0BF390069E9BB /* README.md */,
				F564A66A19D0BF390069E9BB /* UIKit */,
			);
			sourceTree = "<group>";
		};
/* End PBXGroup section */

/* Begin PBXProject section */
		F564A65E19D0BF060069E9BB /* Project object */ = {
			isa = PBXProject;
			attributes = {
				LastUpgradeCheck = 0510;
			};
			buildConfigurationList = F564A66119D0BF060069E9BB /* Build configuration list for PBXProject "examples" */;
			compatibilityVersion = "Xcode 3.2";
			developmentRegion = English;
			hasScannedForEncodings = 0;
			knownRegions = (
				en,
			);
			mainGroup = F564A65D19D0BF060069E9BB;
			projectDirPath = "";
			projectRoot = "";
			targets = (
			);
		};
/* End PBXProject section */

/* Begin XCBuildConfiguration section */
		F564A66219D0BF060069E9BB /* Debug */ = {
			isa = XCBuildConfiguration;
			buildSettings = {
			};
			name = Debug;
		};
		F564A66319D0BF060069E9BB /* Release */ = {
			isa = XCBuildConfiguration;
			buildSettings = {
			};
			name = Release;
		};
/* End XCBuildConfiguration section */

/* Begin XCConfigurationList section */
		F564A66119D0BF060069E9BB /* Build configuration list for PBXProject "examples" */ = {
			isa = XCConfigurationList;
			buildConfigurations = (
				F564A66219D0BF060069E9BB /* Debug */,
				F564A66319D0BF060069E9BB /* Release */,
			);
			defaultConfigurationIsVisible = 0;
			defaultConfigurationName = Release;
		};
/* End XCConfigurationList section */
	};
	rootObject = F564A65E19D0BF060069E9BB /* Project object */;
}
